
Microsoft Visual Studio Solution File, Format Version 12.00
# Visual Studio Version 17
VisualStudioVersion = 17.8.34511.84
MinimumVisualStudioVersion = 10.0.40219.1
Project("{9A19103F-16F7-4668-BE54-9A1E7A4F7556}") = "FirstConsoleApp", "FirstConsoleApp\FirstConsoleApp.csproj", "{F8CD9BB6-F253-4AD1-B32B-8E3C32B7BE6E}"
EndProject
Project("{9A19103F-16F7-4668-BE54-9A1E7A4F7556}") = "ConsoleApp2", "ConsoleApp2\ConsoleApp2.csproj", "{9D3D0FAC-B893-42F6-87EF-9F873AC1D30F}"
EndProject
Project("{9A19103F-16F7-4668-BE54-9A1E7A4F7556}") = "MathLib", "MathLib\MathLib.csproj", "{3E6B29F8-6CF1-4827-B87A-59E7A7E45E84}"
EndProject
Project("{2150E333-8FDC-42A3-9474-1A3956D46DE8}") = "Presentation", "Presentation", "{750FB6E5-212E-4E3C-B7FB-D31985E58CD8}"
EndProject
Project("{2150E333-8FDC-42A3-9474-1A3956D46DE8}") = "Business Layer", "Business Layer", "{2F97F252-7160-42BA-AA5C-AF324011091A}"
EndProject
Project("{9A19103F-16F7-4668-BE54-9A1E7A4F7556}") = "SimpleWinFormsApp", "SimpleWinFormsApp\SimpleWinFormsApp.csproj", "{A4FE4D66-5181-4F18-A4C5-1CF791C5B52A}"
EndProject
Project("{9A19103F-16F7-4668-BE54-9A1E7A4F7556}") = "Labs and References", "Labs and References\Labs and References.csproj", "{9D861CD2-F8CF-4365-8A6A-D89DBF962919}"
EndProject
Project("{2150E333-8FDC-42A3-9474-1A3956D46DE8}") = "OO Concepts Demo", "OO Concepts Demo", "{0F491858-8A4D-4AC7-911E-69CD8CB1D680}"
EndProject
Project("{9A19103F-16F7-4668-BE54-9A1E7A4F7556}") = "OODemo1", "OODemo1\OODemo1.csproj", "{FF39F5CB-BF14-4DD2-A655-CB192761CC50}"
EndProject
Project("{9A19103F-16F7-4668-BE54-9A1E7A4F7556}") = "OODemo2", "OODemo2\OODemo2.csproj", "{8544DD47-D79B-4891-9226-4F54269D4BF2}"
EndProject
Project("{9A19103F-16F7-4668-BE54-9A1E7A4F7556}") = "OODemo3", "OODemo3\OODemo3.csproj", "{77DC2EEB-047E-4221-B946-55F2767E23B2}"
EndProject
Project("{9A19103F-16F7-4668-BE54-9A1E7A4F7556}") = "TrainerTraineeApp", "TrainerTraineeApp\TrainerTraineeApp.csproj", "{F5127BD9-D448-4A39-BC45-4B56EB84D011}"
EndProject
Project("{9A19103F-16F7-4668-BE54-9A1E7A4F7556}") = "Demo4", "Demo4\Demo4.csproj", "{6A64D102-EEDB-49C4-8F5D-2D1ACE294504}"
EndProject
Project("{9A19103F-16F7-4668-BE54-9A1E7A4F7556}") = "OODemo5", "OODemo5\OODemo5.csproj", "{61550FA8-8B52-465D-A67A-A66812C9BE9E}"
EndProject
Project("{9A19103F-16F7-4668-BE54-9A1E7A4F7556}") = "IDELanguages", "IDELanguages\IDELanguages.csproj", "{AA77056F-FCCA-48C8-B500-9C3FA578876F}"
EndProject
Project("{9A19103F-16F7-4668-BE54-9A1E7A4F7556}") = "CollectionsDemo", "CollectionsDemo\CollectionsDemo.csproj", "{FC0F8EBE-7DFB-4392-985C-703A682867BC}"
EndProject
Project("{9A19103F-16F7-4668-BE54-9A1E7A4F7556}") = "DynamicCollectionDemo", "DynamicCollectionDemo\DynamicCollectionDemo.csproj", "{1806FA3B-5C69-437D-9726-727CF8E27C84}"
EndProject
Project("{9A19103F-16F7-4668-BE54-9A1E7A4F7556}") = "ExceptionsDemo", "ExceptionsDemo\ExceptionsDemo.csproj", "{AD7E70C4-914A-44B6-A85A-7809485120F3}"
EndProject
Project("{9A19103F-16F7-4668-BE54-9A1E7A4F7556}") = "FileHandlingDemo1", "FileHandlingDemo1\FileHandlingDemo1.csproj", "{4B7C8C50-4D6A-401B-A791-0F9FC28ED9FB}"
EndProject
Project("{2150E333-8FDC-42A3-9474-1A3956D46DE8}") = "ContactsManager", "ContactsManager", "{80518800-0ABF-4086-B641-F94CD98EDE26}"
EndProject
Project("{9A19103F-16F7-4668-BE54-9A1E7A4F7556}") = "ContactManagerConsoleApp", "ContactManagerConsoleApp\ContactManagerConsoleApp.csproj", "{3DDF6410-3D33-4D78-BF13-85446DEFB661}"
EndProject
Project("{2150E333-8FDC-42A3-9474-1A3956D46DE8}") = "Delegates", "Delegates", "{4A6429D0-C63C-4130-8174-4BB657D96155}"
EndProject
Project("{9A19103F-16F7-4668-BE54-9A1E7A4F7556}") = "DelegatesDemo1", "DelegatesDemo1\DelegatesDemo1.csproj", "{E44B245B-0965-403A-B98D-36BEB6BF160D}"
EndProject
Project("{9A19103F-16F7-4668-BE54-9A1E7A4F7556}") = "DelegatesDemo2", "DelegatesDemo2\DelegatesDemo2.csproj", "{D14F5617-85BA-4574-AF7E-D6F1746B571F}"
EndProject
Project("{9A19103F-16F7-4668-BE54-9A1E7A4F7556}") = "DelegatesDemo3", "DelegatesDemo3\DelegatesDemo3.csproj", "{50246F46-5ECC-475A-8078-4A3F6C06D039}"
EndProject
Project("{2150E333-8FDC-42A3-9474-1A3956D46DE8}") = "Multithreading", "Multithreading", "{666C6B75-01F8-40F0-A7BD-6030C196713D}"
EndProject
Project("{9A19103F-16F7-4668-BE54-9A1E7A4F7556}") = "MTDEmo1", "MTDEmo1\MTDEmo1.csproj", "{F5310263-06EF-4AD4-9B1E-FB03D18C29C1}"
EndProject
Project("{9A19103F-16F7-4668-BE54-9A1E7A4F7556}") = "WinFormsApp1", "WinFormsApp1\WinFormsApp1.csproj", "{3201DBB2-806F-4B3F-80CB-6115DB548510}"
EndProject
Project("{9A19103F-16F7-4668-BE54-9A1E7A4F7556}") = "MTDemo3", "MTDemo3\MTDemo3.csproj", "{4F9299FD-6897-4D05-BBB9-5CD33C997A76}"
EndProject
Project("{9A19103F-16F7-4668-BE54-9A1E7A4F7556}") = "SimpleBank.Business", "SimpleBank.Business\SimpleBank.Business.csproj", "{75FFD4A8-C3AC-4E6A-AF89-3F5A8DACA1B9}"
EndProject
Project("{2150E333-8FDC-42A3-9474-1A3956D46DE8}") = "Unit Testing", "Unit Testing", "{75A6BA9E-02E9-47E0-A7B8-A280955ECCD0}"
EndProject
Project("{9A19103F-16F7-4668-BE54-9A1E7A4F7556}") = "SimpleBank.Business.TestProject", "SimpleBank.Business.TestProject\SimpleBank.Business.TestProject.csproj", "{16990F63-E1C6-4D67-A2A9-76BACCE73960}"
EndProject
Project("{2150E333-8FDC-42A3-9474-1A3956D46DE8}") = "AI Case Study", "AI Case Study", "{E2205A35-0DC6-4FFD-9B93-17013EDAB65E}"
EndProject
Project("{9A19103F-16F7-4668-BE54-9A1E7A4F7556}") = "AIRecommendation.CoreEngine", "AIRecommendation.CoreEngine\AIRecommendation.CoreEngine.csproj", "{5AAACF2A-EF22-4782-B5B1-DC2EE9E782E4}"
EndProject
Project("{9A19103F-16F7-4668-BE54-9A1E7A4F7556}") = "AIRecommender.CoreEngine.TestProject", "AIRecommender.CoreEngine.TestProject\AIRecommender.CoreEngine.TestProject.csproj", "{5AE8161A-03AD-430D-A9CB-E5103BA4F2B6}"
EndProject
Project("{9A19103F-16F7-4668-BE54-9A1E7A4F7556}") = "AIRecommender.DataLoader", "AIRecommender.DataLoader\AIRecommender.DataLoader.csproj", "{9F113634-437E-45E9-B83A-B8BBCAA6D9D3}"
EndProject
Project("{9A19103F-16F7-4668-BE54-9A1E7A4F7556}") = "AIRecommendation.Aggrigator", "AIRecommendation.Aggrigator\AIRecommendation.Aggrigator.csproj", "{42C46D64-BE82-4BF6-AE8D-BD0CF34D5E34}"
EndProject
Project("{9A19103F-16F7-4668-BE54-9A1E7A4F7556}") = "AIRecommendation.ConsoleApp", "AIRecommendation.ConsoleApp\AIRecommendation.ConsoleApp.csproj", "{F5C6852C-69D6-4591-9515-5D37DC3F677E}"
EndProject
Project("{2150E333-8FDC-42A3-9474-1A3956D46DE8}") = "ADONet Database Programming", "ADONet Database Programming", "{49FA956B-CB58-4718-8DD5-8EA3CB1623D7}"
EndProject
Project("{2150E333-8FDC-42A3-9474-1A3956D46DE8}") = "Presentation Layer", "Presentation Layer", "{0338D9BE-1E19-4343-BF40-2DE8CF8221AB}"
EndProject
Project("{2150E333-8FDC-42A3-9474-1A3956D46DE8}") = "Data Access Layer", "Data Access Layer", "{C0DD864B-B668-4E87-B0E1-A525440A669C}"
EndProject
Project("{9A19103F-16F7-4668-BE54-9A1E7A4F7556}") = "ManageDepartments.DataAccess", "ManageDepartments.DataAccess\ManageDepartments.DataAccess.csproj", "{2FE38955-9EC6-4AFB-BEF2-4F8E977F28A8}"
EndProject
Project("{9A19103F-16F7-4668-BE54-9A1E7A4F7556}") = "ManageDepartments.ConsoleUI", "ManageDepartments.ConsoleUI\ManageDepartments.ConsoleUI.csproj", "{FCFB012B-517B-4812-B454-72D707F8668C}"
EndProject
Project("{2150E333-8FDC-42A3-9474-1A3956D46DE8}") = "Linq Demos", "Linq Demos", "{998922CE-FCC5-440B-8289-AAF227CF994F}"
EndProject
Project("{9A19103F-16F7-4668-BE54-9A1E7A4F7556}") = "LinqToObjectsDemo1", "LinqToObjectsDemo1\LinqToObjectsDemo1.csproj", "{552F5043-B98A-4492-B3B7-B0D1FEA3609F}"
EndProject
Project("{9A19103F-16F7-4668-BE54-9A1E7A4F7556}") = "LinqDemo2", "LinqDemo2\LinqDemo2.csproj", "{DA3BE82B-CF79-4C54-8FED-A8E5065BD367}"
EndProject
Project("{FAE04EC0-301F-11D3-BF4B-00C04F79EFBC}") = "LinqDemo3", "LinqDemo3\LinqDemo3.csproj", "{18CF5F91-4E48-4428-8A2A-B3308F0A8DA5}"
EndProject
Project("{FAE04EC0-301F-11D3-BF4B-00C04F79EFBC}") = "LinqToXML1", "LinqToXML1\LinqToXML1.csproj", "{A717E2A3-92E5-4D7A-A368-8C125F41910A}"
EndProject
Project("{FAE04EC0-301F-11D3-BF4B-00C04F79EFBC}") = "LinqtoXml2", "LinqtoXml2\LinqtoXml2.csproj", "{5BAE8C61-9DCB-4C8D-8C23-4559937F481C}"
EndProject
Project("{2150E333-8FDC-42A3-9474-1A3956D46DE8}") = "EF Database Programming", "EF Database Programming", "{1773761C-F0DA-4122-B1EA-259EACB6CD25}"
EndProject
Project("{2150E333-8FDC-42A3-9474-1A3956D46DE8}") = "Data Access Layer", "Data Access Layer", "{8C04299D-C4BD-4DFB-A83D-881742F4CE68}"
EndProject
Project("{2150E333-8FDC-42A3-9474-1A3956D46DE8}") = "Presentation Layer", "Presentation Layer", "{048F134B-69E0-404A-9A05-BD418A6DAC4F}"
EndProject
Project("{FAE04EC0-301F-11D3-BF4B-00C04F79EFBC}") = "ProductECatelog.DataAccess", "ProductECatelog.DataAccess\ProductECatelog.DataAccess.csproj", "{EE48751B-512B-4E10-8D57-A5D31B2AB2F1}"
EndProject
Project("{FAE04EC0-301F-11D3-BF4B-00C04F79EFBC}") = "ProductECatelog.UI.ConsoleApp", "ProductECatelog.UI.ConsoleApp\ProductECatelog.UI.ConsoleApp.csproj", "{665F19D3-63D2-4101-B8E4-139D051F25A8}"
EndProject
Project("{2150E333-8FDC-42A3-9474-1A3956D46DE8}") = "Entities", "Entities", "{5A2A5B8D-A13F-490B-B21A-B5C3B97406EF}"
EndProject
Project("{FAE04EC0-301F-11D3-BF4B-00C04F79EFBC}") = "ProductECatelog.Entities", "ProductECatelog.Entities\ProductECatelog.Entities.csproj", "{61BC89FD-DA71-4755-A828-92D6795A8C38}"
EndProject
Project("{2150E333-8FDC-42A3-9474-1A3956D46DE8}") = "Knowledge Hub Portal", "Knowledge Hub Portal", "{EA14486D-C29E-4534-B187-FA0C42E9F847}"
EndProject
Project("{2150E333-8FDC-42A3-9474-1A3956D46DE8}") = "Presentation Layer", "Presentation Layer", "{20A3F09D-F1D3-478B-BDBA-626D12E11034}"
EndProject
Project("{2150E333-8FDC-42A3-9474-1A3956D46DE8}") = "Data Access Layer", "Data Access Layer", "{3D4DF524-25A5-4AEB-8819-467A74B9919A}"
EndProject
Project("{2150E333-8FDC-42A3-9474-1A3956D46DE8}") = "Domain Layer", "Domain Layer", "{ADB7872A-0A8E-4D28-A120-8877FA6A19BC}"
EndProject
Project("{9A19103F-16F7-4668-BE54-9A1E7A4F7556}") = "KnowledgeHubPortal.DataAccess", "KnowledgeHubPortal.DataAccess\KnowledgeHubPortal.DataAccess.csproj", "{F077A678-093C-4B32-BB52-9C8508556E5A}"
EndProject
Project("{9A19103F-16F7-4668-BE54-9A1E7A4F7556}") = "KnowledgeHubPortal.Domain", "KnowledgeHubPortal.Domain\KnowledgeHubPortal.Domain.csproj", "{EAE7B09D-15DF-4D45-BC76-2B3016967610}"
EndProject
Project("{9A19103F-16F7-4668-BE54-9A1E7A4F7556}") = "KnowledgeHubPortal.WebUI.MVC", "KnowledgeHubPortal.WebUI.MVC\KnowledgeHubPortal.WebUI.MVC.csproj", "{5EAC4C4C-7FA2-4F7B-A650-3D68641DE810}"
EndProject
Project("{2150E333-8FDC-42A3-9474-1A3956D46DE8}") = "Product Catalog Service", "Product Catalog Service", "{5C38D315-561C-44DB-979E-525308243C18}"
EndProject
Project("{2150E333-8FDC-42A3-9474-1A3956D46DE8}") = "API Service", "API Service", "{E6B000A9-279A-42A6-9120-8CBD83CF867E}"
EndProject
Project("{2150E333-8FDC-42A3-9474-1A3956D46DE8}") = "API Client", "API Client", "{BBF87BF9-3FC1-4D64-930D-279DCCD6A095}"
EndProject
Project("{9A19103F-16F7-4668-BE54-9A1E7A4F7556}") = "ProductsCatalog.APIService", "ProductsCatalog.APIService\ProductsCatalog.APIService.csproj", "{0ED8444A-1A05-4A1A-BB1A-04D19F69CCC4}"
EndProject
Project("{FAE04EC0-301F-11D3-BF4B-00C04F79EFBC}") = "ApiClientConsoleApp", "ApiClientConsoleApp\ApiClientConsoleApp.csproj", "{7A739761-253A-4531-9AAD-4A4109A8F1A4}"
EndProject
Global
	GlobalSection(SolutionConfigurationPlatforms) = preSolution
		Debug|Any CPU = Debug|Any CPU
		Release|Any CPU = Release|Any CPU
	EndGlobalSection
	GlobalSection(ProjectConfigurationPlatforms) = postSolution
		{F8CD9BB6-F253-4AD1-B32B-8E3C32B7BE6E}.Debug|Any CPU.ActiveCfg = Debug|Any CPU
		{F8CD9BB6-F253-4AD1-B32B-8E3C32B7BE6E}.Debug|Any CPU.Build.0 = Debug|Any CPU
		{F8CD9BB6-F253-4AD1-B32B-8E3C32B7BE6E}.Release|Any CPU.ActiveCfg = Release|Any CPU
		{F8CD9BB6-F253-4AD1-B32B-8E3C32B7BE6E}.Release|Any CPU.Build.0 = Release|Any CPU
		{9D3D0FAC-B893-42F6-87EF-9F873AC1D30F}.Debug|Any CPU.ActiveCfg = Debug|Any CPU
		{9D3D0FAC-B893-42F6-87EF-9F873AC1D30F}.Debug|Any CPU.Build.0 = Debug|Any CPU
		{9D3D0FAC-B893-42F6-87EF-9F873AC1D30F}.Release|Any CPU.ActiveCfg = Release|Any CPU
		{9D3D0FAC-B893-42F6-87EF-9F873AC1D30F}.Release|Any CPU.Build.0 = Release|Any CPU
		{3E6B29F8-6CF1-4827-B87A-59E7A7E45E84}.Debug|Any CPU.ActiveCfg = Debug|Any CPU
		{3E6B29F8-6CF1-4827-B87A-59E7A7E45E84}.Debug|Any CPU.Build.0 = Debug|Any CPU
		{3E6B29F8-6CF1-4827-B87A-59E7A7E45E84}.Release|Any CPU.ActiveCfg = Release|Any CPU
		{3E6B29F8-6CF1-4827-B87A-59E7A7E45E84}.Release|Any CPU.Build.0 = Release|Any CPU
		{A4FE4D66-5181-4F18-A4C5-1CF791C5B52A}.Debug|Any CPU.ActiveCfg = Debug|Any CPU
		{A4FE4D66-5181-4F18-A4C5-1CF791C5B52A}.Debug|Any CPU.Build.0 = Debug|Any CPU
		{A4FE4D66-5181-4F18-A4C5-1CF791C5B52A}.Release|Any CPU.ActiveCfg = Release|Any CPU
		{A4FE4D66-5181-4F18-A4C5-1CF791C5B52A}.Release|Any CPU.Build.0 = Release|Any CPU
		{9D861CD2-F8CF-4365-8A6A-D89DBF962919}.Debug|Any CPU.ActiveCfg = Debug|Any CPU
		{9D861CD2-F8CF-4365-8A6A-D89DBF962919}.Debug|Any CPU.Build.0 = Debug|Any CPU
		{9D861CD2-F8CF-4365-8A6A-D89DBF962919}.Release|Any CPU.ActiveCfg = Release|Any CPU
		{9D861CD2-F8CF-4365-8A6A-D89DBF962919}.Release|Any CPU.Build.0 = Release|Any CPU
		{FF39F5CB-BF14-4DD2-A655-CB192761CC50}.Debug|Any CPU.ActiveCfg = Debug|Any CPU
		{FF39F5CB-BF14-4DD2-A655-CB192761CC50}.Debug|Any CPU.Build.0 = Debug|Any CPU
		{FF39F5CB-BF14-4DD2-A655-CB192761CC50}.Release|Any CPU.ActiveCfg = Release|Any CPU
		{FF39F5CB-BF14-4DD2-A655-CB192761CC50}.Release|Any CPU.Build.0 = Release|Any CPU
		{8544DD47-D79B-4891-9226-4F54269D4BF2}.Debug|Any CPU.ActiveCfg = Debug|Any CPU
		{8544DD47-D79B-4891-9226-4F54269D4BF2}.Debug|Any CPU.Build.0 = Debug|Any CPU
		{8544DD47-D79B-4891-9226-4F54269D4BF2}.Release|Any CPU.ActiveCfg = Release|Any CPU
		{8544DD47-D79B-4891-9226-4F54269D4BF2}.Release|Any CPU.Build.0 = Release|Any CPU
		{77DC2EEB-047E-4221-B946-55F2767E23B2}.Debug|Any CPU.ActiveCfg = Debug|Any CPU
		{77DC2EEB-047E-4221-B946-55F2767E23B2}.Debug|Any CPU.Build.0 = Debug|Any CPU
		{77DC2EEB-047E-4221-B946-55F2767E23B2}.Release|Any CPU.ActiveCfg = Release|Any CPU
		{77DC2EEB-047E-4221-B946-55F2767E23B2}.Release|Any CPU.Build.0 = Release|Any CPU
		{F5127BD9-D448-4A39-BC45-4B56EB84D011}.Debug|Any CPU.ActiveCfg = Debug|Any CPU
		{F5127BD9-D448-4A39-BC45-4B56EB84D011}.Debug|Any CPU.Build.0 = Debug|Any CPU
		{F5127BD9-D448-4A39-BC45-4B56EB84D011}.Release|Any CPU.ActiveCfg = Release|Any CPU
		{F5127BD9-D448-4A39-BC45-4B56EB84D011}.Release|Any CPU.Build.0 = Release|Any CPU
		{6A64D102-EEDB-49C4-8F5D-2D1ACE294504}.Debug|Any CPU.ActiveCfg = Debug|Any CPU
		{6A64D102-EEDB-49C4-8F5D-2D1ACE294504}.Debug|Any CPU.Build.0 = Debug|Any CPU
		{6A64D102-EEDB-49C4-8F5D-2D1ACE294504}.Release|Any CPU.ActiveCfg = Release|Any CPU
		{6A64D102-EEDB-49C4-8F5D-2D1ACE294504}.Release|Any CPU.Build.0 = Release|Any CPU
		{61550FA8-8B52-465D-A67A-A66812C9BE9E}.Debug|Any CPU.ActiveCfg = Debug|Any CPU
		{61550FA8-8B52-465D-A67A-A66812C9BE9E}.Debug|Any CPU.Build.0 = Debug|Any CPU
		{61550FA8-8B52-465D-A67A-A66812C9BE9E}.Release|Any CPU.ActiveCfg = Release|Any CPU
		{61550FA8-8B52-465D-A67A-A66812C9BE9E}.Release|Any CPU.Build.0 = Release|Any CPU
		{AA77056F-FCCA-48C8-B500-9C3FA578876F}.Debug|Any CPU.ActiveCfg = Debug|Any CPU
		{AA77056F-FCCA-48C8-B500-9C3FA578876F}.Debug|Any CPU.Build.0 = Debug|Any CPU
		{AA77056F-FCCA-48C8-B500-9C3FA578876F}.Release|Any CPU.ActiveCfg = Release|Any CPU
		{AA77056F-FCCA-48C8-B500-9C3FA578876F}.Release|Any CPU.Build.0 = Release|Any CPU
		{FC0F8EBE-7DFB-4392-985C-703A682867BC}.Debug|Any CPU.ActiveCfg = Debug|Any CPU
		{FC0F8EBE-7DFB-4392-985C-703A682867BC}.Debug|Any CPU.Build.0 = Debug|Any CPU
		{FC0F8EBE-7DFB-4392-985C-703A682867BC}.Release|Any CPU.ActiveCfg = Release|Any CPU
		{FC0F8EBE-7DFB-4392-985C-703A682867BC}.Release|Any CPU.Build.0 = Release|Any CPU
		{1806FA3B-5C69-437D-9726-727CF8E27C84}.Debug|Any CPU.ActiveCfg = Debug|Any CPU
		{1806FA3B-5C69-437D-9726-727CF8E27C84}.Debug|Any CPU.Build.0 = Debug|Any CPU
		{1806FA3B-5C69-437D-9726-727CF8E27C84}.Release|Any CPU.ActiveCfg = Release|Any CPU
		{1806FA3B-5C69-437D-9726-727CF8E27C84}.Release|Any CPU.Build.0 = Release|Any CPU
		{AD7E70C4-914A-44B6-A85A-7809485120F3}.Debug|Any CPU.ActiveCfg = Debug|Any CPU
		{AD7E70C4-914A-44B6-A85A-7809485120F3}.Debug|Any CPU.Build.0 = Debug|Any CPU
		{AD7E70C4-914A-44B6-A85A-7809485120F3}.Release|Any CPU.ActiveCfg = Release|Any CPU
		{AD7E70C4-914A-44B6-A85A-7809485120F3}.Release|Any CPU.Build.0 = Release|Any CPU
		{4B7C8C50-4D6A-401B-A791-0F9FC28ED9FB}.Debug|Any CPU.ActiveCfg = Debug|Any CPU
		{4B7C8C50-4D6A-401B-A791-0F9FC28ED9FB}.Debug|Any CPU.Build.0 = Debug|Any CPU
		{4B7C8C50-4D6A-401B-A791-0F9FC28ED9FB}.Release|Any CPU.ActiveCfg = Release|Any CPU
		{4B7C8C50-4D6A-401B-A791-0F9FC28ED9FB}.Release|Any CPU.Build.0 = Release|Any CPU
		{3DDF6410-3D33-4D78-BF13-85446DEFB661}.Debug|Any CPU.ActiveCfg = Debug|Any CPU
		{3DDF6410-3D33-4D78-BF13-85446DEFB661}.Debug|Any CPU.Build.0 = Debug|Any CPU
		{3DDF6410-3D33-4D78-BF13-85446DEFB661}.Release|Any CPU.ActiveCfg = Release|Any CPU
		{3DDF6410-3D33-4D78-BF13-85446DEFB661}.Release|Any CPU.Build.0 = Release|Any CPU
		{E44B245B-0965-403A-B98D-36BEB6BF160D}.Debug|Any CPU.ActiveCfg = Debug|Any CPU
		{E44B245B-0965-403A-B98D-36BEB6BF160D}.Debug|Any CPU.Build.0 = Debug|Any CPU
		{E44B245B-0965-403A-B98D-36BEB6BF160D}.Release|Any CPU.ActiveCfg = Release|Any CPU
		{E44B245B-0965-403A-B98D-36BEB6BF160D}.Release|Any CPU.Build.0 = Release|Any CPU
		{D14F5617-85BA-4574-AF7E-D6F1746B571F}.Debug|Any CPU.ActiveCfg = Debug|Any CPU
		{D14F5617-85BA-4574-AF7E-D6F1746B571F}.Debug|Any CPU.Build.0 = Debug|Any CPU
		{D14F5617-85BA-4574-AF7E-D6F1746B571F}.Release|Any CPU.ActiveCfg = Release|Any CPU
		{D14F5617-85BA-4574-AF7E-D6F1746B571F}.Release|Any CPU.Build.0 = Release|Any CPU
		{50246F46-5ECC-475A-8078-4A3F6C06D039}.Debug|Any CPU.ActiveCfg = Debug|Any CPU
		{50246F46-5ECC-475A-8078-4A3F6C06D039}.Debug|Any CPU.Build.0 = Debug|Any CPU
		{50246F46-5ECC-475A-8078-4A3F6C06D039}.Release|Any CPU.ActiveCfg = Release|Any CPU
		{50246F46-5ECC-475A-8078-4A3F6C06D039}.Release|Any CPU.Build.0 = Release|Any CPU
		{F5310263-06EF-4AD4-9B1E-FB03D18C29C1}.Debug|Any CPU.ActiveCfg = Debug|Any CPU
		{F5310263-06EF-4AD4-9B1E-FB03D18C29C1}.Debug|Any CPU.Build.0 = Debug|Any CPU
		{F5310263-06EF-4AD4-9B1E-FB03D18C29C1}.Release|Any CPU.ActiveCfg = Release|Any CPU
		{F5310263-06EF-4AD4-9B1E-FB03D18C29C1}.Release|Any CPU.Build.0 = Release|Any CPU
		{3201DBB2-806F-4B3F-80CB-6115DB548510}.Debug|Any CPU.ActiveCfg = Debug|Any CPU
		{3201DBB2-806F-4B3F-80CB-6115DB548510}.Debug|Any CPU.Build.0 = Debug|Any CPU
		{3201DBB2-806F-4B3F-80CB-6115DB548510}.Release|Any CPU.ActiveCfg = Release|Any CPU
		{3201DBB2-806F-4B3F-80CB-6115DB548510}.Release|Any CPU.Build.0 = Release|Any CPU
		{4F9299FD-6897-4D05-BBB9-5CD33C997A76}.Debug|Any CPU.ActiveCfg = Debug|Any CPU
		{4F9299FD-6897-4D05-BBB9-5CD33C997A76}.Debug|Any CPU.Build.0 = Debug|Any CPU
		{4F9299FD-6897-4D05-BBB9-5CD33C997A76}.Release|Any CPU.ActiveCfg = Release|Any CPU
		{4F9299FD-6897-4D05-BBB9-5CD33C997A76}.Release|Any CPU.Build.0 = Release|Any CPU
		{75FFD4A8-C3AC-4E6A-AF89-3F5A8DACA1B9}.Debug|Any CPU.ActiveCfg = Debug|Any CPU
		{75FFD4A8-C3AC-4E6A-AF89-3F5A8DACA1B9}.Debug|Any CPU.Build.0 = Debug|Any CPU
		{75FFD4A8-C3AC-4E6A-AF89-3F5A8DACA1B9}.Release|Any CPU.ActiveCfg = Release|Any CPU
		{75FFD4A8-C3AC-4E6A-AF89-3F5A8DACA1B9}.Release|Any CPU.Build.0 = Release|Any CPU
		{16990F63-E1C6-4D67-A2A9-76BACCE73960}.Debug|Any CPU.ActiveCfg = Debug|Any CPU
		{16990F63-E1C6-4D67-A2A9-76BACCE73960}.Debug|Any CPU.Build.0 = Debug|Any CPU
		{16990F63-E1C6-4D67-A2A9-76BACCE73960}.Release|Any CPU.ActiveCfg = Release|Any CPU
		{16990F63-E1C6-4D67-A2A9-76BACCE73960}.Release|Any CPU.Build.0 = Release|Any CPU
		{5AAACF2A-EF22-4782-B5B1-DC2EE9E782E4}.Debug|Any CPU.ActiveCfg = Debug|Any CPU
		{5AAACF2A-EF22-4782-B5B1-DC2EE9E782E4}.Debug|Any CPU.Build.0 = Debug|Any CPU
		{5AAACF2A-EF22-4782-B5B1-DC2EE9E782E4}.Release|Any CPU.ActiveCfg = Release|Any CPU
		{5AAACF2A-EF22-4782-B5B1-DC2EE9E782E4}.Release|Any CPU.Build.0 = Release|Any CPU
		{5AE8161A-03AD-430D-A9CB-E5103BA4F2B6}.Debug|Any CPU.ActiveCfg = Debug|Any CPU
		{5AE8161A-03AD-430D-A9CB-E5103BA4F2B6}.Debug|Any CPU.Build.0 = Debug|Any CPU
		{5AE8161A-03AD-430D-A9CB-E5103BA4F2B6}.Release|Any CPU.ActiveCfg = Release|Any CPU
		{5AE8161A-03AD-430D-A9CB-E5103BA4F2B6}.Release|Any CPU.Build.0 = Release|Any CPU
		{9F113634-437E-45E9-B83A-B8BBCAA6D9D3}.Debug|Any CPU.ActiveCfg = Debug|Any CPU
		{9F113634-437E-45E9-B83A-B8BBCAA6D9D3}.Debug|Any CPU.Build.0 = Debug|Any CPU
		{9F113634-437E-45E9-B83A-B8BBCAA6D9D3}.Release|Any CPU.ActiveCfg = Release|Any CPU
		{9F113634-437E-45E9-B83A-B8BBCAA6D9D3}.Release|Any CPU.Build.0 = Release|Any CPU
		{42C46D64-BE82-4BF6-AE8D-BD0CF34D5E34}.Debug|Any CPU.ActiveCfg = Debug|Any CPU
		{42C46D64-BE82-4BF6-AE8D-BD0CF34D5E34}.Debug|Any CPU.Build.0 = Debug|Any CPU
		{42C46D64-BE82-4BF6-AE8D-BD0CF34D5E34}.Release|Any CPU.ActiveCfg = Release|Any CPU
		{42C46D64-BE82-4BF6-AE8D-BD0CF34D5E34}.Release|Any CPU.Build.0 = Release|Any CPU
		{F5C6852C-69D6-4591-9515-5D37DC3F677E}.Debug|Any CPU.ActiveCfg = Debug|Any CPU
		{F5C6852C-69D6-4591-9515-5D37DC3F677E}.Debug|Any CPU.Build.0 = Debug|Any CPU
		{F5C6852C-69D6-4591-9515-5D37DC3F677E}.Release|Any CPU.ActiveCfg = Release|Any CPU
		{F5C6852C-69D6-4591-9515-5D37DC3F677E}.Release|Any CPU.Build.0 = Release|Any CPU
		{2FE38955-9EC6-4AFB-BEF2-4F8E977F28A8}.Debug|Any CPU.ActiveCfg = Debug|Any CPU
		{2FE38955-9EC6-4AFB-BEF2-4F8E977F28A8}.Debug|Any CPU.Build.0 = Debug|Any CPU
		{2FE38955-9EC6-4AFB-BEF2-4F8E977F28A8}.Release|Any CPU.ActiveCfg = Release|Any CPU
		{2FE38955-9EC6-4AFB-BEF2-4F8E977F28A8}.Release|Any CPU.Build.0 = Release|Any CPU
		{FCFB012B-517B-4812-B454-72D707F8668C}.Debug|Any CPU.ActiveCfg = Debug|Any CPU
		{FCFB012B-517B-4812-B454-72D707F8668C}.Debug|Any CPU.Build.0 = Debug|Any CPU
		{FCFB012B-517B-4812-B454-72D707F8668C}.Release|Any CPU.ActiveCfg = Release|Any CPU
		{FCFB012B-517B-4812-B454-72D707F8668C}.Release|Any CPU.Build.0 = Release|Any CPU
		{552F5043-B98A-4492-B3B7-B0D1FEA3609F}.Debug|Any CPU.ActiveCfg = Debug|Any CPU
		{552F5043-B98A-4492-B3B7-B0D1FEA3609F}.Debug|Any CPU.Build.0 = Debug|Any CPU
		{552F5043-B98A-4492-B3B7-B0D1FEA3609F}.Release|Any CPU.ActiveCfg = Release|Any CPU
		{552F5043-B98A-4492-B3B7-B0D1FEA3609F}.Release|Any CPU.Build.0 = Release|Any CPU
		{DA3BE82B-CF79-4C54-8FED-A8E5065BD367}.Debug|Any CPU.ActiveCfg = Debug|Any CPU
		{DA3BE82B-CF79-4C54-8FED-A8E5065BD367}.Debug|Any CPU.Build.0 = Debug|Any CPU
		{DA3BE82B-CF79-4C54-8FED-A8E5065BD367}.Release|Any CPU.ActiveCfg = Release|Any CPU
		{DA3BE82B-CF79-4C54-8FED-A8E5065BD367}.Release|Any CPU.Build.0 = Release|Any CPU
		{18CF5F91-4E48-4428-8A2A-B3308F0A8DA5}.Debug|Any CPU.ActiveCfg = Debug|Any CPU
		{18CF5F91-4E48-4428-8A2A-B3308F0A8DA5}.Debug|Any CPU.Build.0 = Debug|Any CPU
		{18CF5F91-4E48-4428-8A2A-B3308F0A8DA5}.Release|Any CPU.ActiveCfg = Release|Any CPU
		{18CF5F91-4E48-4428-8A2A-B3308F0A8DA5}.Release|Any CPU.Build.0 = Release|Any CPU
		{A717E2A3-92E5-4D7A-A368-8C125F41910A}.Debug|Any CPU.ActiveCfg = Debug|Any CPU
		{A717E2A3-92E5-4D7A-A368-8C125F41910A}.Debug|Any CPU.Build.0 = Debug|Any CPU
		{A717E2A3-92E5-4D7A-A368-8C125F41910A}.Release|Any CPU.ActiveCfg = Release|Any CPU
		{A717E2A3-92E5-4D7A-A368-8C125F41910A}.Release|Any CPU.Build.0 = Release|Any CPU
		{5BAE8C61-9DCB-4C8D-8C23-4559937F481C}.Debug|Any CPU.ActiveCfg = Debug|Any CPU
		{5BAE8C61-9DCB-4C8D-8C23-4559937F481C}.Debug|Any CPU.Build.0 = Debug|Any CPU
		{5BAE8C61-9DCB-4C8D-8C23-4559937F481C}.Release|Any CPU.ActiveCfg = Release|Any CPU
		{5BAE8C61-9DCB-4C8D-8C23-4559937F481C}.Release|Any CPU.Build.0 = Release|Any CPU
		{EE48751B-512B-4E10-8D57-A5D31B2AB2F1}.Debug|Any CPU.ActiveCfg = Debug|Any CPU
		{EE48751B-512B-4E10-8D57-A5D31B2AB2F1}.Debug|Any CPU.Build.0 = Debug|Any CPU
		{EE48751B-512B-4E10-8D57-A5D31B2AB2F1}.Release|Any CPU.ActiveCfg = Release|Any CPU
		{EE48751B-512B-4E10-8D57-A5D31B2AB2F1}.Release|Any CPU.Build.0 = Release|Any CPU
		{665F19D3-63D2-4101-B8E4-139D051F25A8}.Debug|Any CPU.ActiveCfg = Debug|Any CPU
		{665F19D3-63D2-4101-B8E4-139D051F25A8}.Debug|Any CPU.Build.0 = Debug|Any CPU
		{665F19D3-63D2-4101-B8E4-139D051F25A8}.Release|Any CPU.ActiveCfg = Release|Any CPU
		{665F19D3-63D2-4101-B8E4-139D051F25A8}.Release|Any CPU.Build.0 = Release|Any CPU
		{61BC89FD-DA71-4755-A828-92D6795A8C38}.Debug|Any CPU.ActiveCfg = Debug|Any CPU
		{61BC89FD-DA71-4755-A828-92D6795A8C38}.Debug|Any CPU.Build.0 = Debug|Any CPU
		{61BC89FD-DA71-4755-A828-92D6795A8C38}.Release|Any CPU.ActiveCfg = Release|Any CPU
		{61BC89FD-DA71-4755-A828-92D6795A8C38}.Release|Any CPU.Build.0 = Release|Any CPU
		{F077A678-093C-4B32-BB52-9C8508556E5A}.Debug|Any CPU.ActiveCfg = Debug|Any CPU
		{F077A678-093C-4B32-BB52-9C8508556E5A}.Debug|Any CPU.Build.0 = Debug|Any CPU
		{F077A678-093C-4B32-BB52-9C8508556E5A}.Release|Any CPU.ActiveCfg = Release|Any CPU
		{F077A678-093C-4B32-BB52-9C8508556E5A}.Release|Any CPU.Build.0 = Release|Any CPU
		{EAE7B09D-15DF-4D45-BC76-2B3016967610}.Debug|Any CPU.ActiveCfg = Debug|Any CPU
		{EAE7B09D-15DF-4D45-BC76-2B3016967610}.Debug|Any CPU.Build.0 = Debug|Any CPU
		{EAE7B09D-15DF-4D45-BC76-2B3016967610}.Release|Any CPU.ActiveCfg = Release|Any CPU
		{EAE7B09D-15DF-4D45-BC76-2B3016967610}.Release|Any CPU.Build.0 = Release|Any CPU
		{5EAC4C4C-7FA2-4F7B-A650-3D68641DE810}.Debug|Any CPU.ActiveCfg = Debug|Any CPU
		{5EAC4C4C-7FA2-4F7B-A650-3D68641DE810}.Debug|Any CPU.Build.0 = Debug|Any CPU
		{5EAC4C4C-7FA2-4F7B-A650-3D68641DE810}.Release|Any CPU.ActiveCfg = Release|Any CPU
		{5EAC4C4C-7FA2-4F7B-A650-3D68641DE810}.Release|Any CPU.Build.0 = Release|Any CPU
		{0ED8444A-1A05-4A1A-BB1A-04D19F69CCC4}.Debug|Any CPU.ActiveCfg = Debug|Any CPU
		{0ED8444A-1A05-4A1A-BB1A-04D19F69CCC4}.Debug|Any CPU.Build.0 = Debug|Any CPU
		{0ED8444A-1A05-4A1A-BB1A-04D19F69CCC4}.Release|Any CPU.ActiveCfg = Release|Any CPU
		{0ED8444A-1A05-4A1A-BB1A-04D19F69CCC4}.Release|Any CPU.Build.0 = Release|Any CPU
		{7A739761-253A-4531-9AAD-4A4109A8F1A4}.Debug|Any CPU.ActiveCfg = Debug|Any CPU
		{7A739761-253A-4531-9AAD-4A4109A8F1A4}.Debug|Any CPU.Build.0 = Debug|Any CPU
		{7A739761-253A-4531-9AAD-4A4109A8F1A4}.Release|Any CPU.ActiveCfg = Release|Any CPU
		{7A739761-253A-4531-9AAD-4A4109A8F1A4}.Release|Any CPU.Build.0 = Release|Any CPU
	EndGlobalSection
	GlobalSection(SolutionProperties) = preSolution
		HideSolutionNode = FALSE
	EndGlobalSection
	GlobalSection(NestedProjects) = preSolution
		{F8CD9BB6-F253-4AD1-B32B-8E3C32B7BE6E} = {750FB6E5-212E-4E3C-B7FB-D31985E58CD8}
		{3E6B29F8-6CF1-4827-B87A-59E7A7E45E84} = {2F97F252-7160-42BA-AA5C-AF324011091A}
		{A4FE4D66-5181-4F18-A4C5-1CF791C5B52A} = {750FB6E5-212E-4E3C-B7FB-D31985E58CD8}
		{FF39F5CB-BF14-4DD2-A655-CB192761CC50} = {0F491858-8A4D-4AC7-911E-69CD8CB1D680}
		{8544DD47-D79B-4891-9226-4F54269D4BF2} = {0F491858-8A4D-4AC7-911E-69CD8CB1D680}
		{77DC2EEB-047E-4221-B946-55F2767E23B2} = {0F491858-8A4D-4AC7-911E-69CD8CB1D680}
		{F5127BD9-D448-4A39-BC45-4B56EB84D011} = {0F491858-8A4D-4AC7-911E-69CD8CB1D680}
		{6A64D102-EEDB-49C4-8F5D-2D1ACE294504} = {0F491858-8A4D-4AC7-911E-69CD8CB1D680}
		{61550FA8-8B52-465D-A67A-A66812C9BE9E} = {0F491858-8A4D-4AC7-911E-69CD8CB1D680}
		{AA77056F-FCCA-48C8-B500-9C3FA578876F} = {0F491858-8A4D-4AC7-911E-69CD8CB1D680}
		{3DDF6410-3D33-4D78-BF13-85446DEFB661} = {80518800-0ABF-4086-B641-F94CD98EDE26}
		{E44B245B-0965-403A-B98D-36BEB6BF160D} = {4A6429D0-C63C-4130-8174-4BB657D96155}
		{D14F5617-85BA-4574-AF7E-D6F1746B571F} = {4A6429D0-C63C-4130-8174-4BB657D96155}
		{50246F46-5ECC-475A-8078-4A3F6C06D039} = {4A6429D0-C63C-4130-8174-4BB657D96155}
		{F5310263-06EF-4AD4-9B1E-FB03D18C29C1} = {666C6B75-01F8-40F0-A7BD-6030C196713D}
		{3201DBB2-806F-4B3F-80CB-6115DB548510} = {666C6B75-01F8-40F0-A7BD-6030C196713D}
		{4F9299FD-6897-4D05-BBB9-5CD33C997A76} = {666C6B75-01F8-40F0-A7BD-6030C196713D}
		{75FFD4A8-C3AC-4E6A-AF89-3F5A8DACA1B9} = {75A6BA9E-02E9-47E0-A7B8-A280955ECCD0}
		{16990F63-E1C6-4D67-A2A9-76BACCE73960} = {75A6BA9E-02E9-47E0-A7B8-A280955ECCD0}
		{5AAACF2A-EF22-4782-B5B1-DC2EE9E782E4} = {E2205A35-0DC6-4FFD-9B93-17013EDAB65E}
		{5AE8161A-03AD-430D-A9CB-E5103BA4F2B6} = {E2205A35-0DC6-4FFD-9B93-17013EDAB65E}
		{9F113634-437E-45E9-B83A-B8BBCAA6D9D3} = {E2205A35-0DC6-4FFD-9B93-17013EDAB65E}
		{42C46D64-BE82-4BF6-AE8D-BD0CF34D5E34} = {E2205A35-0DC6-4FFD-9B93-17013EDAB65E}
		{F5C6852C-69D6-4591-9515-5D37DC3F677E} = {E2205A35-0DC6-4FFD-9B93-17013EDAB65E}
		{0338D9BE-1E19-4343-BF40-2DE8CF8221AB} = {49FA956B-CB58-4718-8DD5-8EA3CB1623D7}
		{C0DD864B-B668-4E87-B0E1-A525440A669C} = {49FA956B-CB58-4718-8DD5-8EA3CB1623D7}
		{2FE38955-9EC6-4AFB-BEF2-4F8E977F28A8} = {C0DD864B-B668-4E87-B0E1-A525440A669C}
		{FCFB012B-517B-4812-B454-72D707F8668C} = {0338D9BE-1E19-4343-BF40-2DE8CF8221AB}
		{552F5043-B98A-4492-B3B7-B0D1FEA3609F} = {998922CE-FCC5-440B-8289-AAF227CF994F}
		{DA3BE82B-CF79-4C54-8FED-A8E5065BD367} = {998922CE-FCC5-440B-8289-AAF227CF994F}
		{18CF5F91-4E48-4428-8A2A-B3308F0A8DA5} = {998922CE-FCC5-440B-8289-AAF227CF994F}
		{A717E2A3-92E5-4D7A-A368-8C125F41910A} = {998922CE-FCC5-440B-8289-AAF227CF994F}
		{5BAE8C61-9DCB-4C8D-8C23-4559937F481C} = {998922CE-FCC5-440B-8289-AAF227CF994F}
		{8C04299D-C4BD-4DFB-A83D-881742F4CE68} = {1773761C-F0DA-4122-B1EA-259EACB6CD25}
		{048F134B-69E0-404A-9A05-BD418A6DAC4F} = {1773761C-F0DA-4122-B1EA-259EACB6CD25}
		{EE48751B-512B-4E10-8D57-A5D31B2AB2F1} = {8C04299D-C4BD-4DFB-A83D-881742F4CE68}
		{665F19D3-63D2-4101-B8E4-139D051F25A8} = {048F134B-69E0-404A-9A05-BD418A6DAC4F}
		{5A2A5B8D-A13F-490B-B21A-B5C3B97406EF} = {1773761C-F0DA-4122-B1EA-259EACB6CD25}
		{61BC89FD-DA71-4755-A828-92D6795A8C38} = {5A2A5B8D-A13F-490B-B21A-B5C3B97406EF}
		{20A3F09D-F1D3-478B-BDBA-626D12E11034} = {EA14486D-C29E-4534-B187-FA0C42E9F847}
		{3D4DF524-25A5-4AEB-8819-467A74B9919A} = {EA14486D-C29E-4534-B187-FA0C42E9F847}
		{ADB7872A-0A8E-4D28-A120-8877FA6A19BC} = {EA14486D-C29E-4534-B187-FA0C42E9F847}
		{F077A678-093C-4B32-BB52-9C8508556E5A} = {3D4DF524-25A5-4AEB-8819-467A74B9919A}
		{EAE7B09D-15DF-4D45-BC76-2B3016967610} = {ADB7872A-0A8E-4D28-A120-8877FA6A19BC}
		{5EAC4C4C-7FA2-4F7B-A650-3D68641DE810} = {20A3F09D-F1D3-478B-BDBA-626D12E11034}
		{E6B000A9-279A-42A6-9120-8CBD83CF867E} = {5C38D315-561C-44DB-979E-525308243C18}
		{BBF87BF9-3FC1-4D64-930D-279DCCD6A095} = {5C38D315-561C-44DB-979E-525308243C18}
		{0ED8444A-1A05-4A1A-BB1A-04D19F69CCC4} = {E6B000A9-279A-42A6-9120-8CBD83CF867E}
		{7A739761-253A-4531-9AAD-4A4109A8F1A4} = {BBF87BF9-3FC1-4D64-930D-279DCCD6A095}
	EndGlobalSection
	GlobalSection(ExtensibilityGlobals) = postSolution
		SolutionGuid = {0E6D2675-AE11-4F3C-A90A-FE938236480C}
	EndGlobalSection
EndGlobal
